
Microsoft Visual Studio Solution File, Format Version 11.00
# Visual Studio 2010
Project("{FAE04EC0-301F-11D3-BF4B-00C04F79EFBC}") = "Assembly-CSharp", "Assembly-CSharp.csproj", "{193851D6-64BC-D731-9D29-1A20E84E32BF}"
EndProject
Global
	GlobalSection(SolutionConfigurationPlatforms) = preSolution
		Debug|Any CPU = Debug|Any CPU
		Release|Any CPU = Release|Any CPU
	EndGlobalSection
	GlobalSection(ProjectConfigurationPlatforms) = postSolution
		{193851D6-64BC-D731-9D29-1A20E84E32BF}.Debug|Any CPU.ActiveCfg = Debug|Any CPU
		{193851D6-64BC-D731-9D29-1A20E84E32BF}.Debug|Any CPU.Build.0 = Debug|Any CPU
		{193851D6-64BC-D731-9D29-1A20E84E32BF}.Release|Any CPU.ActiveCfg = Release|Any CPU
		{193851D6-64BC-D731-9D29-1A20E84E32BF}.Release|Any CPU.Build.0 = Release|Any CPU
	EndGlobalSection
	GlobalSection(SolutionProperties) = preSolution
		HideSolutionNode = FALSE
	EndGlobalSection
EndGlobal
