
Microsoft Visual Studio Solution File, Format Version 11.00
# Visual Studio 2010
Project("{FAE04EC0-301F-11D3-BF4B-00C04F79EFBC}") = "Assembly-CSharp", "Assembly-CSharp.csproj", "{d6513819-bc64-31d7-9d29-1a20e84e32bf}"
EndProject
Global
	GlobalSection(SolutionConfigurationPlatforms) = preSolution
		Debug|Any CPU = Debug|Any CPU
		Release|Any CPU = Release|Any CPU
	EndGlobalSection
	GlobalSection(ProjectConfigurationPlatforms) = postSolution
		{d6513819-bc64-31d7-9d29-1a20e84e32bf}.Debug|Any CPU.ActiveCfg = Debug|Any CPU
		{d6513819-bc64-31d7-9d29-1a20e84e32bf}.Debug|Any CPU.Build.0 = Debug|Any CPU
		{d6513819-bc64-31d7-9d29-1a20e84e32bf}.Release|Any CPU.ActiveCfg = Release|Any CPU
		{d6513819-bc64-31d7-9d29-1a20e84e32bf}.Release|Any CPU.Build.0 = Release|Any CPU
	EndGlobalSection
	GlobalSection(SolutionProperties) = preSolution
		HideSolutionNode = FALSE
	EndGlobalSection
EndGlobal
